
Microsoft Visual Studio Solution File, Format Version 12.00
# Visual Studio Version 16
VisualStudioVersion = 16.0.29613.14
MinimumVisualStudioVersion = 10.0.40219.1
Project("{FAE04EC0-301F-11D3-BF4B-00C04F79EFBC}") = "XFNativeHttpClientHandler.UWP", "XFNativeHttpClientHandler.UWP\XFNativeHttpClientHandler.UWP.csproj", "{372F65E8-9C0E-4A91-B895-C1E0743D3802}"
EndProject
Project("{FAE04EC0-301F-11D3-BF4B-00C04F79EFBC}") = "XFNativeHttpClientHandler.Android", "XFNativeHttpClientHandler.Android\XFNativeHttpClientHandler.Android.csproj", "{E1C15185-8F1F-41D4-81C3-B60E2DBA74E4}"
EndProject
Project("{FAE04EC0-301F-11D3-BF4B-00C04F79EFBC}") = "XFNativeHttpClientHandler.iOS", "XFNativeHttpClientHandler.iOS\XFNativeHttpClientHandler.iOS.csproj", "{2C073C26-1636-463F-928A-A79FA8BC492E}"
EndProject
Project("{FAE04EC0-301F-11D3-BF4B-00C04F79EFBC}") = "XFNativeHttpClientHandler", "XFNativeHttpClientHandler\XFNativeHttpClientHandler.csproj", "{C5C7B735-60C2-4300-94E7-282F2695CD8F}"
EndProject
Global
	GlobalSection(SolutionConfigurationPlatforms) = preSolution
		Debug|Any CPU = Debug|Any CPU
		Debug|ARM = Debug|ARM
		Debug|iPhone = Debug|iPhone
		Debug|iPhoneSimulator = Debug|iPhoneSimulator
		Debug|x64 = Debug|x64
		Debug|x86 = Debug|x86
		Release|Any CPU = Release|Any CPU
		Release|ARM = Release|ARM
		Release|iPhone = Release|iPhone
		Release|iPhoneSimulator = Release|iPhoneSimulator
		Release|x64 = Release|x64
		Release|x86 = Release|x86
	EndGlobalSection
	GlobalSection(ProjectConfigurationPlatforms) = postSolution
		{372F65E8-9C0E-4A91-B895-C1E0743D3802}.Debug|Any CPU.ActiveCfg = Debug|x86
		{372F65E8-9C0E-4A91-B895-C1E0743D3802}.Debug|Any CPU.Build.0 = Debug|x86
		{372F65E8-9C0E-4A91-B895-C1E0743D3802}.Debug|Any CPU.Deploy.0 = Debug|x86
		{372F65E8-9C0E-4A91-B895-C1E0743D3802}.Debug|ARM.ActiveCfg = Debug|ARM
		{372F65E8-9C0E-4A91-B895-C1E0743D3802}.Debug|ARM.Build.0 = Debug|ARM
		{372F65E8-9C0E-4A91-B895-C1E0743D3802}.Debug|ARM.Deploy.0 = Debug|ARM
		{372F65E8-9C0E-4A91-B895-C1E0743D3802}.Debug|iPhone.ActiveCfg = Debug|x86
		{372F65E8-9C0E-4A91-B895-C1E0743D3802}.Debug|iPhone.Build.0 = Debug|x86
		{372F65E8-9C0E-4A91-B895-C1E0743D3802}.Debug|iPhone.Deploy.0 = Debug|x86
		{372F65E8-9C0E-4A91-B895-C1E0743D3802}.Debug|iPhoneSimulator.ActiveCfg = Debug|x86
		{372F65E8-9C0E-4A91-B895-C1E0743D3802}.Debug|iPhoneSimulator.Build.0 = Debug|x86
		{372F65E8-9C0E-4A91-B895-C1E0743D3802}.Debug|iPhoneSimulator.Deploy.0 = Debug|x86
		{372F65E8-9C0E-4A91-B895-C1E0743D3802}.Debug|x64.ActiveCfg = Debug|x64
		{372F65E8-9C0E-4A91-B895-C1E0743D3802}.Debug|x64.Build.0 = Debug|x64
		{372F65E8-9C0E-4A91-B895-C1E0743D3802}.Debug|x64.Deploy.0 = Debug|x64
		{372F65E8-9C0E-4A91-B895-C1E0743D3802}.Debug|x86.ActiveCfg = Debug|x86
		{372F65E8-9C0E-4A91-B895-C1E0743D3802}.Debug|x86.Build.0 = Debug|x86
		{372F65E8-9C0E-4A91-B895-C1E0743D3802}.Debug|x86.Deploy.0 = Debug|x86
		{372F65E8-9C0E-4A91-B895-C1E0743D3802}.Release|Any CPU.ActiveCfg = Release|x86
		{372F65E8-9C0E-4A91-B895-C1E0743D3802}.Release|Any CPU.Build.0 = Release|x86
		{372F65E8-9C0E-4A91-B895-C1E0743D3802}.Release|Any CPU.Deploy.0 = Release|x86
		{372F65E8-9C0E-4A91-B895-C1E0743D3802}.Release|ARM.ActiveCfg = Release|ARM
		{372F65E8-9C0E-4A91-B895-C1E0743D3802}.Release|ARM.Build.0 = Release|ARM
		{372F65E8-9C0E-4A91-B895-C1E0743D3802}.Release|ARM.Deploy.0 = Release|ARM
		{372F65E8-9C0E-4A91-B895-C1E0743D3802}.Release|iPhone.ActiveCfg = Release|x86
		{372F65E8-9C0E-4A91-B895-C1E0743D3802}.Release|iPhone.Build.0 = Release|x86
		{372F65E8-9C0E-4A91-B895-C1E0743D3802}.Release|iPhone.Deploy.0 = Release|x86
		{372F65E8-9C0E-4A91-B895-C1E0743D3802}.Release|iPhoneSimulator.ActiveCfg = Release|x86
		{372F65E8-9C0E-4A91-B895-C1E0743D3802}.Release|iPhoneSimulator.Build.0 = Release|x86
		{372F65E8-9C0E-4A91-B895-C1E0743D3802}.Release|iPhoneSimulator.Deploy.0 = Release|x86
		{372F65E8-9C0E-4A91-B895-C1E0743D3802}.Release|x64.ActiveCfg = Release|x64
		{372F65E8-9C0E-4A91-B895-C1E0743D3802}.Release|x64.Build.0 = Release|x64
		{372F65E8-9C0E-4A91-B895-C1E0743D3802}.Release|x64.Deploy.0 = Release|x64
		{372F65E8-9C0E-4A91-B895-C1E0743D3802}.Release|x86.ActiveCfg = Release|x86
		{372F65E8-9C0E-4A91-B895-C1E0743D3802}.Release|x86.Build.0 = Release|x86
		{372F65E8-9C0E-4A91-B895-C1E0743D3802}.Release|x86.Deploy.0 = Release|x86
		{E1C15185-8F1F-41D4-81C3-B60E2DBA74E4}.Debug|Any CPU.ActiveCfg = Debug|Any CPU
		{E1C15185-8F1F-41D4-81C3-B60E2DBA74E4}.Debug|Any CPU.Build.0 = Debug|Any CPU
		{E1C15185-8F1F-41D4-81C3-B60E2DBA74E4}.Debug|Any CPU.Deploy.0 = Debug|Any CPU
		{E1C15185-8F1F-41D4-81C3-B60E2DBA74E4}.Debug|ARM.ActiveCfg = Debug|Any CPU
		{E1C15185-8F1F-41D4-81C3-B60E2DBA74E4}.Debug|ARM.Build.0 = Debug|Any CPU
		{E1C15185-8F1F-41D4-81C3-B60E2DBA74E4}.Debug|ARM.Deploy.0 = Debug|Any CPU
		{E1C15185-8F1F-41D4-81C3-B60E2DBA74E4}.Debug|iPhone.ActiveCfg = Debug|Any CPU
		{E1C15185-8F1F-41D4-81C3-B60E2DBA74E4}.Debug|iPhone.Build.0 = Debug|Any CPU
		{E1C15185-8F1F-41D4-81C3-B60E2DBA74E4}.Debug|iPhone.Deploy.0 = Debug|Any CPU
		{E1C15185-8F1F-41D4-81C3-B60E2DBA74E4}.Debug|iPhoneSimulator.ActiveCfg = Debug|Any CPU
		{E1C15185-8F1F-41D4-81C3-B60E2DBA74E4}.Debug|iPhoneSimulator.Build.0 = Debug|Any CPU
		{E1C15185-8F1F-41D4-81C3-B60E2DBA74E4}.Debug|iPhoneSimulator.Deploy.0 = Debug|Any CPU
		{E1C15185-8F1F-41D4-81C3-B60E2DBA74E4}.Debug|x64.ActiveCfg = Debug|Any CPU
		{E1C15185-8F1F-41D4-81C3-B60E2DBA74E4}.Debug|x64.Build.0 = Debug|Any CPU
		{E1C15185-8F1F-41D4-81C3-B60E2DBA74E4}.Debug|x64.Deploy.0 = Debug|Any CPU
		{E1C15185-8F1F-41D4-81C3-B60E2DBA74E4}.Debug|x86.ActiveCfg = Debug|Any CPU
		{E1C15185-8F1F-41D4-81C3-B60E2DBA74E4}.Debug|x86.Build.0 = Debug|Any CPU
		{E1C15185-8F1F-41D4-81C3-B60E2DBA74E4}.Debug|x86.Deploy.0 = Debug|Any CPU
		{E1C15185-8F1F-41D4-81C3-B60E2DBA74E4}.Release|Any CPU.ActiveCfg = Release|Any CPU
		{E1C15185-8F1F-41D4-81C3-B60E2DBA74E4}.Release|Any CPU.Build.0 = Release|Any CPU
		{E1C15185-8F1F-41D4-81C3-B60E2DBA74E4}.Release|Any CPU.Deploy.0 = Release|Any CPU
		{E1C15185-8F1F-41D4-81C3-B60E2DBA74E4}.Release|ARM.ActiveCfg = Release|Any CPU
		{E1C15185-8F1F-41D4-81C3-B60E2DBA74E4}.Release|ARM.Build.0 = Release|Any CPU
		{E1C15185-8F1F-41D4-81C3-B60E2DBA74E4}.Release|ARM.Deploy.0 = Release|Any CPU
		{E1C15185-8F1F-41D4-81C3-B60E2DBA74E4}.Release|iPhone.ActiveCfg = Release|Any CPU
		{E1C15185-8F1F-41D4-81C3-B60E2DBA74E4}.Release|iPhone.Build.0 = Release|Any CPU
		{E1C15185-8F1F-41D4-81C3-B60E2DBA74E4}.Release|iPhone.Deploy.0 = Release|Any CPU
		{E1C15185-8F1F-41D4-81C3-B60E2DBA74E4}.Release|iPhoneSimulator.ActiveCfg = Release|Any CPU
		{E1C15185-8F1F-41D4-81C3-B60E2DBA74E4}.Release|iPhoneSimulator.Build.0 = Release|Any CPU
		{E1C15185-8F1F-41D4-81C3-B60E2DBA74E4}.Release|iPhoneSimulator.Deploy.0 = Release|Any CPU
		{E1C15185-8F1F-41D4-81C3-B60E2DBA74E4}.Release|x64.ActiveCfg = Release|Any CPU
		{E1C15185-8F1F-41D4-81C3-B60E2DBA74E4}.Release|x64.Build.0 = Release|Any CPU
		{E1C15185-8F1F-41D4-81C3-B60E2DBA74E4}.Release|x64.Deploy.0 = Release|Any CPU
		{E1C15185-8F1F-41D4-81C3-B60E2DBA74E4}.Release|x86.ActiveCfg = Release|Any CPU
		{E1C15185-8F1F-41D4-81C3-B60E2DBA74E4}.Release|x86.Build.0 = Release|Any CPU
		{E1C15185-8F1F-41D4-81C3-B60E2DBA74E4}.Release|x86.Deploy.0 = Release|Any CPU
		{2C073C26-1636-463F-928A-A79FA8BC492E}.Debug|Any CPU.ActiveCfg = Debug|iPhone
		{2C073C26-1636-463F-928A-A79FA8BC492E}.Debug|Any CPU.Build.0 = Debug|iPhone
		{2C073C26-1636-463F-928A-A79FA8BC492E}.Debug|Any CPU.Deploy.0 = Debug|iPhone
		{2C073C26-1636-463F-928A-A79FA8BC492E}.Debug|ARM.ActiveCfg = Debug|iPhoneSimulator
		{2C073C26-1636-463F-928A-A79FA8BC492E}.Debug|ARM.Build.0 = Debug|iPhoneSimulator
		{2C073C26-1636-463F-928A-A79FA8BC492E}.Debug|ARM.Deploy.0 = Debug|iPhoneSimulator
		{2C073C26-1636-463F-928A-A79FA8BC492E}.Debug|iPhone.ActiveCfg = Debug|iPhone
		{2C073C26-1636-463F-928A-A79FA8BC492E}.Debug|iPhone.Build.0 = Debug|iPhone
		{2C073C26-1636-463F-928A-A79FA8BC492E}.Debug|iPhone.Deploy.0 = Debug|iPhone
		{2C073C26-1636-463F-928A-A79FA8BC492E}.Debug|iPhoneSimulator.ActiveCfg = Debug|iPhoneSimulator
		{2C073C26-1636-463F-928A-A79FA8BC492E}.Debug|iPhoneSimulator.Build.0 = Debug|iPhoneSimulator
		{2C073C26-1636-463F-928A-A79FA8BC492E}.Debug|iPhoneSimulator.Deploy.0 = Debug|iPhoneSimulator
		{2C073C26-1636-463F-928A-A79FA8BC492E}.Debug|x64.ActiveCfg = Debug|iPhone
		{2C073C26-1636-463F-928A-A79FA8BC492E}.Debug|x64.Build.0 = Debug|iPhone
		{2C073C26-1636-463F-928A-A79FA8BC492E}.Debug|x64.Deploy.0 = Debug|iPhone
		{2C073C26-1636-463F-928A-A79FA8BC492E}.Debug|x86.ActiveCfg = Debug|iPhone
		{2C073C26-1636-463F-928A-A79FA8BC492E}.Debug|x86.Build.0 = Debug|iPhone
		{2C073C26-1636-463F-928A-A79FA8BC492E}.Debug|x86.Deploy.0 = Debug|iPhone
		{2C073C26-1636-463F-928A-A79FA8BC492E}.Release|Any CPU.ActiveCfg = Release|iPhone
		{2C073C26-1636-463F-928A-A79FA8BC492E}.Release|Any CPU.Build.0 = Release|iPhone
		{2C073C26-1636-463F-928A-A79FA8BC492E}.Release|Any CPU.Deploy.0 = Release|iPhone
		{2C073C26-1636-463F-928A-A79FA8BC492E}.Release|ARM.ActiveCfg = Release|iPhone
		{2C073C26-1636-463F-928A-A79FA8BC492E}.Release|ARM.Build.0 = Release|iPhone
		{2C073C26-1636-463F-928A-A79FA8BC492E}.Release|ARM.Deploy.0 = Release|iPhone
		{2C073C26-1636-463F-928A-A79FA8BC492E}.Release|iPhone.ActiveCfg = Release|iPhone
		{2C073C26-1636-463F-928A-A79FA8BC492E}.Release|iPhone.Build.0 = Release|iPhone
		{2C073C26-1636-463F-928A-A79FA8BC492E}.Release|iPhone.Deploy.0 = Release|iPhone
		{2C073C26-1636-463F-928A-A79FA8BC492E}.Release|iPhoneSimulator.ActiveCfg = Release|iPhoneSimulator
		{2C073C26-1636-463F-928A-A79FA8BC492E}.Release|iPhoneSimulator.Build.0 = Release|iPhoneSimulator
		{2C073C26-1636-463F-928A-A79FA8BC492E}.Release|iPhoneSimulator.Deploy.0 = Release|iPhoneSimulator
		{2C073C26-1636-463F-928A-A79FA8BC492E}.Release|x64.ActiveCfg = Release|iPhone
		{2C073C26-1636-463F-928A-A79FA8BC492E}.Release|x64.Build.0 = Release|iPhone
		{2C073C26-1636-463F-928A-A79FA8BC492E}.Release|x64.Deploy.0 = Release|iPhone
		{2C073C26-1636-463F-928A-A79FA8BC492E}.Release|x86.ActiveCfg = Release|iPhone
		{2C073C26-1636-463F-928A-A79FA8BC492E}.Release|x86.Build.0 = Release|iPhone
		{2C073C26-1636-463F-928A-A79FA8BC492E}.Release|x86.Deploy.0 = Release|iPhone
		{C5C7B735-60C2-4300-94E7-282F2695CD8F}.Debug|Any CPU.ActiveCfg = Debug|Any CPU
		{C5C7B735-60C2-4300-94E7-282F2695CD8F}.Debug|Any CPU.Build.0 = Debug|Any CPU
		{C5C7B735-60C2-4300-94E7-282F2695CD8F}.Debug|Any CPU.Deploy.0 = Debug|Any CPU
		{C5C7B735-60C2-4300-94E7-282F2695CD8F}.Debug|ARM.ActiveCfg = Debug|Any CPU
		{C5C7B735-60C2-4300-94E7-282F2695CD8F}.Debug|ARM.Build.0 = Debug|Any CPU
		{C5C7B735-60C2-4300-94E7-282F2695CD8F}.Debug|ARM.Deploy.0 = Debug|Any CPU
		{C5C7B735-60C2-4300-94E7-282F2695CD8F}.Debug|iPhone.ActiveCfg = Debug|Any CPU
		{C5C7B735-60C2-4300-94E7-282F2695CD8F}.Debug|iPhone.Build.0 = Debug|Any CPU
		{C5C7B735-60C2-4300-94E7-282F2695CD8F}.Debug|iPhone.Deploy.0 = Debug|Any CPU
		{C5C7B735-60C2-4300-94E7-282F2695CD8F}.Debug|iPhoneSimulator.ActiveCfg = Debug|Any CPU
		{C5C7B735-60C2-4300-94E7-282F2695CD8F}.Debug|iPhoneSimulator.Build.0 = Debug|Any CPU
		{C5C7B735-60C2-4300-94E7-282F2695CD8F}.Debug|iPhoneSimulator.Deploy.0 = Debug|Any CPU
		{C5C7B735-60C2-4300-94E7-282F2695CD8F}.Debug|x64.ActiveCfg = Debug|Any CPU
		{C5C7B735-60C2-4300-94E7-282F2695CD8F}.Debug|x64.Build.0 = Debug|Any CPU
		{C5C7B735-60C2-4300-94E7-282F2695CD8F}.Debug|x64.Deploy.0 = Debug|Any CPU
		{C5C7B735-60C2-4300-94E7-282F2695CD8F}.Debug|x86.ActiveCfg = Debug|Any CPU
		{C5C7B735-60C2-4300-94E7-282F2695CD8F}.Debug|x86.Build.0 = Debug|Any CPU
		{C5C7B735-60C2-4300-94E7-282F2695CD8F}.Debug|x86.Deploy.0 = Debug|Any CPU
		{C5C7B735-60C2-4300-94E7-282F2695CD8F}.Release|Any CPU.ActiveCfg = Release|Any CPU
		{C5C7B735-60C2-4300-94E7-282F2695CD8F}.Release|Any CPU.Build.0 = Release|Any CPU
		{C5C7B735-60C2-4300-94E7-282F2695CD8F}.Release|Any CPU.Deploy.0 = Release|Any CPU
		{C5C7B735-60C2-4300-94E7-282F2695CD8F}.Release|ARM.ActiveCfg = Release|Any CPU
		{C5C7B735-60C2-4300-94E7-282F2695CD8F}.Release|ARM.Build.0 = Release|Any CPU
		{C5C7B735-60C2-4300-94E7-282F2695CD8F}.Release|ARM.Deploy.0 = Release|Any CPU
		{C5C7B735-60C2-4300-94E7-282F2695CD8F}.Release|iPhone.ActiveCfg = Release|Any CPU
		{C5C7B735-60C2-4300-94E7-282F2695CD8F}.Release|iPhone.Build.0 = Release|Any CPU
		{C5C7B735-60C2-4300-94E7-282F2695CD8F}.Release|iPhone.Deploy.0 = Release|Any CPU
		{C5C7B735-60C2-4300-94E7-282F2695CD8F}.Release|iPhoneSimulator.ActiveCfg = Release|Any CPU
		{C5C7B735-60C2-4300-94E7-282F2695CD8F}.Release|iPhoneSimulator.Build.0 = Release|Any CPU
		{C5C7B735-60C2-4300-94E7-282F2695CD8F}.Release|iPhoneSimulator.Deploy.0 = Release|Any CPU
		{C5C7B735-60C2-4300-94E7-282F2695CD8F}.Release|x64.ActiveCfg = Release|Any CPU
		{C5C7B735-60C2-4300-94E7-282F2695CD8F}.Release|x64.Build.0 = Release|Any CPU
		{C5C7B735-60C2-4300-94E7-282F2695CD8F}.Release|x64.Deploy.0 = Release|Any CPU
		{C5C7B735-60C2-4300-94E7-282F2695CD8F}.Release|x86.ActiveCfg = Release|Any CPU
		{C5C7B735-60C2-4300-94E7-282F2695CD8F}.Release|x86.Build.0 = Release|Any CPU
		{C5C7B735-60C2-4300-94E7-282F2695CD8F}.Release|x86.Deploy.0 = Release|Any CPU
	EndGlobalSection
	GlobalSection(SolutionProperties) = preSolution
		HideSolutionNode = FALSE
	EndGlobalSection
	GlobalSection(ExtensibilityGlobals) = postSolution
		SolutionGuid = {28A152FF-6153-4B65-8484-D7F01DAF857F}
	EndGlobalSection
EndGlobal
